
Microsoft Visual Studio Solution File, Format Version 12.00
# Visual Studio Version 17
VisualStudioVersion = 17.0.31903.59
MinimumVisualStudioVersion = 10.0.40219.1
Project("{2150E333-8FDC-42A3-9474-1A3956D46DE8}") = "src", "src", "{D6E0BE5E-9C21-49D5-BAAB-B609609CBCCE}"
EndProject
Project("{FAE04EC0-301F-11D3-BF4B-00C04F79EFBC}") = "CiDemo.Web", "src\CiDemo.Web\CiDemo.Web.csproj", "{32F11390-39F0-4001-9AC9-94CB2E98F182}"
EndProject
Project("{FAE04EC0-301F-11D3-BF4B-00C04F79EFBC}") = "CiDemo.Web.Tests", "src\CiDemo.Web.Tests\CiDemo.Web.Tests.csproj", "{10BF2694-748C-4480-B465-4B195FB92EC9}"
EndProject
Global
	GlobalSection(SolutionConfigurationPlatforms) = preSolution
		Debug|Any CPU = Debug|Any CPU
		Release|Any CPU = Release|Any CPU
	EndGlobalSection
	GlobalSection(SolutionProperties) = preSolution
		HideSolutionNode = FALSE
	EndGlobalSection
	GlobalSection(ProjectConfigurationPlatforms) = postSolution
		{32F11390-39F0-4001-9AC9-94CB2E98F182}.Debug|Any CPU.ActiveCfg = Debug|Any CPU
		{32F11390-39F0-4001-9AC9-94CB2E98F182}.Debug|Any CPU.Build.0 = Debug|Any CPU
		{32F11390-39F0-4001-9AC9-94CB2E98F182}.Release|Any CPU.ActiveCfg = Release|Any CPU
		{32F11390-39F0-4001-9AC9-94CB2E98F182}.Release|Any CPU.Build.0 = Release|Any CPU
		{10BF2694-748C-4480-B465-4B195FB92EC9}.Debug|Any CPU.ActiveCfg = Debug|Any CPU
		{10BF2694-748C-4480-B465-4B195FB92EC9}.Debug|Any CPU.Build.0 = Debug|Any CPU
		{10BF2694-748C-4480-B465-4B195FB92EC9}.Release|Any CPU.ActiveCfg = Release|Any CPU
		{10BF2694-748C-4480-B465-4B195FB92EC9}.Release|Any CPU.Build.0 = Release|Any CPU
	EndGlobalSection
	GlobalSection(NestedProjects) = preSolution
		{32F11390-39F0-4001-9AC9-94CB2E98F182} = {D6E0BE5E-9C21-49D5-BAAB-B609609CBCCE}
		{10BF2694-748C-4480-B465-4B195FB92EC9} = {D6E0BE5E-9C21-49D5-BAAB-B609609CBCCE}
	EndGlobalSection
EndGlobal
